
Microsoft Visual Studio Solution File, Format Version 12.00
# Visual Studio Version 16
VisualStudioVersion = 16.0.29926.136
MinimumVisualStudioVersion = 10.0.40219.1
Project("{9A19103F-16F7-4668-BE54-9A1E7A4F7556}") = "TypeLoadExceptionRepro", "Web\TypeLoadExceptionRepro.csproj", "{63F1305B-78CA-4F71-AE64-8A6569196EDB}"
EndProject
Project("{9A19103F-16F7-4668-BE54-9A1E7A4F7556}") = "ThirdPartyLib", "ThirdPartyLib\ThirdPartyLib.csproj", "{8AB1EB08-5C01-462F-AE76-25E455EF78A3}"
EndProject
Global
	GlobalSection(SolutionConfigurationPlatforms) = preSolution
		Debug|Any CPU = Debug|Any CPU
		Release|Any CPU = Release|Any CPU
	EndGlobalSection
	GlobalSection(ProjectConfigurationPlatforms) = postSolution
		{63F1305B-78CA-4F71-AE64-8A6569196EDB}.Debug|Any CPU.ActiveCfg = Debug|Any CPU
		{63F1305B-78CA-4F71-AE64-8A6569196EDB}.Debug|Any CPU.Build.0 = Debug|Any CPU
		{63F1305B-78CA-4F71-AE64-8A6569196EDB}.Release|Any CPU.ActiveCfg = Release|Any CPU
		{63F1305B-78CA-4F71-AE64-8A6569196EDB}.Release|Any CPU.Build.0 = Release|Any CPU
		{8AB1EB08-5C01-462F-AE76-25E455EF78A3}.Debug|Any CPU.ActiveCfg = Debug|Any CPU
		{8AB1EB08-5C01-462F-AE76-25E455EF78A3}.Debug|Any CPU.Build.0 = Debug|Any CPU
		{8AB1EB08-5C01-462F-AE76-25E455EF78A3}.Release|Any CPU.ActiveCfg = Release|Any CPU
		{8AB1EB08-5C01-462F-AE76-25E455EF78A3}.Release|Any CPU.Build.0 = Release|Any CPU
	EndGlobalSection
	GlobalSection(SolutionProperties) = preSolution
		HideSolutionNode = FALSE
	EndGlobalSection
	GlobalSection(ExtensibilityGlobals) = postSolution
		SolutionGuid = {86B7FAB6-D179-478A-B210-8B7C02FFE911}
	EndGlobalSection
EndGlobal
